# This file is generated by `zrail update`; do not edit by hand.
schema = 1
semantics = 1
producer = "0.0.1"
contract_sha256 = "ac18170860cf16181e0b6f18638a3376faa421599f770d7626b567465c11c178"

[[package]]
name = "bench-adapter-librdkafka"

[[package.dependency]]
alias = "bench-schema"
name = "bench-schema"
crate_root = "bench_schema"
kind = "normal"
scope = "internal"
optional = false
default_features = true

[package.dependency.source]
kind = "workspace-member"
directory = "crates/bench-schema"
requirement = "0.1.0"

[[package]]
name = "bench-report"

[[package.dependency]]
alias = "bench-schema"
name = "bench-schema"
crate_root = "bench_schema"
kind = "normal"
scope = "internal"
optional = false
default_features = true

[package.dependency.source]
kind = "workspace-member"
directory = "crates/bench-schema"
requirement = "0.1.0"

[[package.dependency]]
alias = "serde"
name = "serde"
crate_root = "serde"
kind = "normal"
scope = "external"
optional = false
default_features = true
features = ["derive"]

[package.dependency.source]
kind = "registry"
requirement = "1.0"

[[package.dependency]]
alias = "serde_json"
name = "serde_json"
crate_root = "serde_json"
kind = "normal"
scope = "external"
optional = false
default_features = true

[package.dependency.source]
kind = "registry"
requirement = "1.0"

[[package]]
name = "bench-schema"

[[package.dependency]]
alias = "serde"
name = "serde"
crate_root = "serde"
kind = "normal"
scope = "external"
optional = false
default_features = true
features = ["derive"]

[package.dependency.source]
kind = "registry"
requirement = "1.0"

[[package.dependency]]
alias = "serde_json"
name = "serde_json"
crate_root = "serde_json"
kind = "normal"
scope = "external"
optional = false
default_features = true

[package.dependency.source]
kind = "registry"
requirement = "1.0"

[[package.dependency]]
alias = "sha2"
name = "sha2"
kind = "normal"
scope = "external"
optional = false
default_features = true

[package.dependency.source]
kind = "registry"
requirement = "0.10"

[[package.dependency]]
alias = "toml"
name = "toml"
kind = "normal"
scope = "external"
optional = false
default_features = true

[package.dependency.source]
kind = "registry"
requirement = "0.8"

[[package]]
name = "bench-verifier"

[[package.dependency]]
alias = "serde"
name = "serde"
crate_root = "serde"
kind = "normal"
scope = "external"
optional = false
default_features = true
features = ["derive"]

[package.dependency.source]
kind = "registry"
requirement = "1.0"

[[package.dependency]]
alias = "serde_json"
name = "serde_json"
crate_root = "serde_json"
kind = "development"
scope = "external"
optional = false
default_features = true

[package.dependency.source]
kind = "registry"
requirement = "1.0"

[[package]]
name = "benchctl"

[[package.dependency]]
alias = "bench-report"
name = "bench-report"
crate_root = "bench_report"
kind = "normal"
scope = "internal"
optional = false
default_features = true

[package.dependency.source]
kind = "workspace-member"
directory = "crates/bench-report"
requirement = "0.1.0"

[[package.dependency]]
alias = "bench-schema"
name = "bench-schema"
crate_root = "bench_schema"
kind = "normal"
scope = "internal"
optional = false
default_features = true

[package.dependency.source]
kind = "workspace-member"
directory = "crates/bench-schema"
requirement = "0.1.0"

[[package.dependency]]
alias = "serde"
name = "serde"
crate_root = "serde"
kind = "normal"
scope = "external"
optional = false
default_features = true
features = ["derive"]

[package.dependency.source]
kind = "registry"
requirement = "1.0"

[[package.dependency]]
alias = "serde_json"
name = "serde_json"
crate_root = "serde_json"
kind = "normal"
scope = "external"
optional = false
default_features = true

[package.dependency.source]
kind = "registry"
requirement = "1.0"

[[package.dependency]]
alias = "sha2"
name = "sha2"
kind = "normal"
scope = "external"
optional = false
default_features = true

[package.dependency.source]
kind = "registry"
requirement = "0.10"

[[package.dependency]]
alias = "signal-hook"
name = "signal-hook"
kind = "normal"
scope = "external"
optional = false
default_features = true

[package.dependency.source]
kind = "registry"
requirement = "0.3"

[[package.dependency]]
alias = "toml"
name = "toml"
kind = "normal"
scope = "external"
optional = false
default_features = true

[package.dependency.source]
kind = "registry"
requirement = "0.8"

[[gate]]
name = "architecture-review"
path = ".github/workflows/architecture-authority.yml"
sha256 = "6008df039f540bc7937a55319216953a58845af8bc8a061b4411475a677cfece"

[[gate]]
name = "ci"
path = ".github/workflows/ci.yml"
sha256 = "8f6b6d1a2bc10745ae86a8b15bc995a637d7300fa1f6bb161989b9d83579b58f"

[[gate.input]]
path = ".github/actions/setup-rust/action.yml"
sha256 = "8e14635d18e4d83a35c6bee8988f5f723be58df46a41046e8ec9825520920d85"

[[gate]]
name = "guardrails"
path = "scripts/check-guardrails"
sha256 = "a315f17cd57dfc4f640c2515b9fe5a4bacd515373d1fc472cef19407301aed0c"

[[gate.input]]
path = "Cargo.lock"
sha256 = "730b05f738671de088850e2b03fc6ce3aaf01a57a217f1ddab4af9d61b0a84fa"

[[gate.input]]
path = "Cargo.toml"
sha256 = "6b12d1ae186cac2d106a7b1aae6b96a7a8496a1ce74ebf6a4e498b29e540b546"

[[gate.input]]
path = "docs/ZRAIL_GAPS.md"
sha256 = "efb43576f20be6fe5a168a3e7c199c4d78ba7091facc91c0414752cf8b413573"

[[gate.input]]
path = "scripts/check-detached-policy"
sha256 = "4a144c3d8bbd1d54be1b2824dddf0c4346e9ed7e2a40f475f85eeb9ed950bd37"

[[gate.input]]
path = "scripts/check-detached-policy-test"
sha256 = "24866c5a65e6a06289cfb5d438f39cbad6b1af6d376a52be14c1708669a7ce6d"

[[gate.input]]
path = "zcheck.toml"
sha256 = "d5251b820c25d90f1d41ae0c2d346769a1b397178359c22bbfbf679ba79631fe"

[[ratchet]]
rule = "rust.file-size"
target = "crates/bench-adapter-librdkafka/src/validate.rs"
value = 259

[[ratchet]]
rule = "rust.file-size"
target = "crates/bench-report/src/bootstrap.rs"
value = 246

[[ratchet]]
rule = "rust.file-size"
target = "crates/bench-report/src/fixture.rs"
value = 383

[[ratchet]]
rule = "rust.file-size"
target = "crates/bench-report/src/lib.rs"
value = 93

[[ratchet]]
rule = "rust.file-size"
target = "crates/bench-report/src/packet_test.rs"
value = 456

[[ratchet]]
rule = "rust.file-size"
target = "crates/bench-report/src/render_test.rs"
value = 308

[[ratchet]]
rule = "rust.file-size"
target = "crates/bench-report/src/suite/attempt.rs"
value = 264

[[ratchet]]
rule = "rust.file-size"
target = "crates/bench-report/src/suite/medians.rs"
value = 246

[[ratchet]]
rule = "rust.file-size"
target = "crates/bench-schema/src/lib.rs"
value = 194

[[ratchet]]
rule = "rust.file-size"
target = "crates/bench-schema/src/llm.rs"
value = 253

[[ratchet]]
rule = "rust.file-size"
target = "crates/bench-schema/tests/golden_experiment.rs"
value = 321

[[ratchet]]
rule = "rust.file-size"
target = "crates/benchctl/src/cli/parse.rs"
value = 269

[[ratchet]]
rule = "rust.file-size"
target = "crates/benchctl/src/cli_test.rs"
value = 473

[[ratchet]]
rule = "rust.file-size"
target = "crates/benchctl/src/environment.rs"
value = 255

[[ratchet]]
rule = "rust.file-size"
target = "crates/benchctl/src/lib.rs"
value = 91

[[ratchet]]
rule = "rust.file-size"
target = "crates/benchctl/src/probe.rs"
value = 297

[[ratchet]]
rule = "rust.file-size"
target = "crates/benchctl/src/seal_test.rs"
value = 416

[[ratchet]]
rule = "rust.file-size"
target = "crates/benchctl/src/suite.rs"
value = 284

[[ratchet]]
rule = "rust.file-size"
target = "crates/benchctl/src/supervise.rs"
value = 275

[[ratchet]]
rule = "rust.file-size"
target = "crates/benchctl/tests/cli_binary.rs"
value = 375

[[ratchet]]
rule = "rust.file-size"
target = "crates/benchctl/tests/common/mod.rs"
value = 359
